
Microsoft Visual Studio Solution File, Format Version 12.00
# Visual Studio Version 16
VisualStudioVersion = 16.0.30907.101
MinimumVisualStudioVersion = 10.0.40219.1
Project("{FAE04EC0-301F-11D3-BF4B-00C04F79EFBC}") = "eTickets", "eTickets\eTickets.csproj", "{D4768F7A-2A5C-4411-8D9F-6169CA37A191}"
EndProject
Global
	GlobalSection(SolutionConfigurationPlatforms) = preSolution
		Debug|Any CPU = Debug|Any CPU
		Release|Any CPU = Release|Any CPU
	EndGlobalSection
	GlobalSection(ProjectConfigurationPlatforms) = postSolution
		{D4768F7A-2A5C-4411-8D9F-6169CA37A191}.Debug|Any CPU.ActiveCfg = Debug|Any CPU
		{D4768F7A-2A5C-4411-8D9F-6169CA37A191}.Debug|Any CPU.Build.0 = Debug|Any CPU
		{D4768F7A-2A5C-4411-8D9F-6169CA37A191}.Release|Any CPU.ActiveCfg = Release|Any CPU
		{D4768F7A-2A5C-4411-8D9F-6169CA37A191}.Release|Any CPU.Build.0 = Release|Any CPU
	EndGlobalSection
	GlobalSection(SolutionProperties) = preSolution
		HideSolutionNode = FALSE
	EndGlobalSection
	GlobalSection(ExtensibilityGlobals) = postSolution
		SolutionGuid = {4BF072D4-8E05-4C0C-999A-32EB3A616921}
	EndGlobalSection
EndGlobal
